
Microsoft Visual Studio Solution File, Format Version 12.00
# Visual Studio Version 17
VisualStudioVersion = 17.3.32804.467
MinimumVisualStudioVersion = 10.0.40219.1
Project("{FAE04EC0-301F-11D3-BF4B-00C04F79EFBC}") = "EB-T7_DoWhile", "EB-T7_DoWhile.csproj", "{0759509B-5814-4B9B-B3A4-6596C44A6826}"
EndProject
Global
	GlobalSection(SolutionConfigurationPlatforms) = preSolution
		Debug|Any CPU = Debug|Any CPU
		Release|Any CPU = Release|Any CPU
	EndGlobalSection
	GlobalSection(ProjectConfigurationPlatforms) = postSolution
		{0759509B-5814-4B9B-B3A4-6596C44A6826}.Debug|Any CPU.ActiveCfg = Debug|Any CPU
		{0759509B-5814-4B9B-B3A4-6596C44A6826}.Debug|Any CPU.Build.0 = Debug|Any CPU
		{0759509B-5814-4B9B-B3A4-6596C44A6826}.Release|Any CPU.ActiveCfg = Release|Any CPU
		{0759509B-5814-4B9B-B3A4-6596C44A6826}.Release|Any CPU.Build.0 = Release|Any CPU
	EndGlobalSection
	GlobalSection(SolutionProperties) = preSolution
		HideSolutionNode = FALSE
	EndGlobalSection
	GlobalSection(ExtensibilityGlobals) = postSolution
		SolutionGuid = {302A3A7C-DFD5-469F-9EF0-6026D17D3210}
	EndGlobalSection
EndGlobal
